
Microsoft Visual Studio Solution File, Format Version 12.00
# Visual Studio Version 17
VisualStudioVersion = 17.0.31903.59
MinimumVisualStudioVersion = 10.0.40219.1
Project("{2150E333-8FDC-42A3-9474-1A3956D46DE8}") = "src", "src", "{F20A679C-9DD0-4EC9-835C-3BA0E98CD024}"
EndProject
Project("{FAE04EC0-301F-11D3-BF4B-00C04F79EFBC}") = "InsonusK.Xunit.ExpectationsTest", "src\InsonusK.Xunit.ExpectationsTest\InsonusK.Xunit.ExpectationsTest.csproj", "{F379FA52-CD43-4193-9CE9-A8A6826F2215}"
EndProject
Project("{2150E333-8FDC-42A3-9474-1A3956D46DE8}") = "test", "test", "{78394386-516B-477C-8484-EE10A56B1068}"
EndProject
Project("{FAE04EC0-301F-11D3-BF4B-00C04F79EFBC}") = "InsonusK.Xunit.ExpectationsTest.Test", "test\InsonusK.Xunit.ExpectationsTest.Test\InsonusK.Xunit.ExpectationsTest.Test.csproj", "{2D3EADBE-ABBB-48C9-8E33-7DADC00E790D}"
EndProject
Global
	GlobalSection(SolutionConfigurationPlatforms) = preSolution
		Debug|Any CPU = Debug|Any CPU
		Release|Any CPU = Release|Any CPU
	EndGlobalSection
	GlobalSection(SolutionProperties) = preSolution
		HideSolutionNode = FALSE
	EndGlobalSection
	GlobalSection(ProjectConfigurationPlatforms) = postSolution
		{F379FA52-CD43-4193-9CE9-A8A6826F2215}.Debug|Any CPU.ActiveCfg = Debug|Any CPU
		{F379FA52-CD43-4193-9CE9-A8A6826F2215}.Debug|Any CPU.Build.0 = Debug|Any CPU
		{F379FA52-CD43-4193-9CE9-A8A6826F2215}.Release|Any CPU.ActiveCfg = Release|Any CPU
		{F379FA52-CD43-4193-9CE9-A8A6826F2215}.Release|Any CPU.Build.0 = Release|Any CPU
		{2D3EADBE-ABBB-48C9-8E33-7DADC00E790D}.Debug|Any CPU.ActiveCfg = Debug|Any CPU
		{2D3EADBE-ABBB-48C9-8E33-7DADC00E790D}.Debug|Any CPU.Build.0 = Debug|Any CPU
		{2D3EADBE-ABBB-48C9-8E33-7DADC00E790D}.Release|Any CPU.ActiveCfg = Release|Any CPU
		{2D3EADBE-ABBB-48C9-8E33-7DADC00E790D}.Release|Any CPU.Build.0 = Release|Any CPU
	EndGlobalSection
	GlobalSection(NestedProjects) = preSolution
		{F379FA52-CD43-4193-9CE9-A8A6826F2215} = {F20A679C-9DD0-4EC9-835C-3BA0E98CD024}
		{2D3EADBE-ABBB-48C9-8E33-7DADC00E790D} = {78394386-516B-477C-8484-EE10A56B1068}
	EndGlobalSection
EndGlobal
